<?xml version="1.0" encoding="utf-8"?>
<Project ToolsVersion="4.0" xmlns="http://schemas.microsoft.com/developer/msbuild/2003">
  <ItemGroup>
    <Filter Include="Source Files">
      <UniqueIdentifier>{4FC737F1-C7A5-4376-A066-2A32D752A2FF}</UniqueIdentifier>
      <Extensions>cpp;c;cc;cxx;c++;cppm;ixx;def;odl;idl;hpj;bat;asm;asmx</Extensions>
    </Filter>
    <Filter Include="Header Files">
      <UniqueIdentifier>{93995380-89BD-4b04-88EB-625FBE52EBFB}</UniqueIdentifier>
      <Extensions>h;hh;hpp;hxx;h++;hm;inl;inc;ipp;xsd</Extensions>
    </Filter>
    <Filter Include="Resource Files">
      <UniqueIdentifier>{67DA6AB6-F800-4c08-8B7A-83BB121AAD01}</UniqueIdentifier>
      <Extensions>rc;ico;cur;bmp;dlg;rc2;rct;bin;rgs;gif;jpg;jpeg;jpe;resx;tiff;tif;png;wav;mfcribbon-ms</Extensions>
    </Filter>
    <Filter Include="Header Files\Base">
      <UniqueIdentifier>{de2b5648-f19b-4fda-b647-5080de1e8e45}</UniqueIdentifier>
    </Filter>
    <Filter Include="Source Files\Base">
      <UniqueIdentifier>{e63a2b5f-863b-41db-bb6d-73f69b23d55b}</UniqueIdentifier>
    </Filter>
    <Filter Include="Header Files\Output">
      <UniqueIdentifier>{ed43c6bb-b0b8-463e-96fe-6d918ad3371a}</UniqueIdentifier>
    </Filter>
    <Filter Include="Source Files\Output">
      <UniqueIdentifier>{91c81377-bbbd-4065-909c-6567b164b0b4}</UniqueIdentifier>
    </Filter>
    <Filter Include="Source Files\Movimientos">
      <UniqueIdentifier>{1aceccce-7a1d-4524-9ba1-55ab889eef97}</UniqueIdentifier>
    </Filter>
    <Filter Include="Source Files\Billeteras">
      <UniqueIdentifier>{5669ac3c-f2af-4c6f-a970-c01e51d440cd}</UniqueIdentifier>
    </Filter>
    <Filter Include="Header Files\Billeteras">
      <UniqueIdentifier>{e59f16a4-0d4e-4202-aa55-98f7db43c986}</UniqueIdentifier>
    </Filter>
    <Filter Include="Header Files\Movimientos">
      <UniqueIdentifier>{6e160b06-7853-4553-9565-b3db10080683}</UniqueIdentifier>
    </Filter>
    <Filter Include="Header Files\Categorias">
      <UniqueIdentifier>{a4c63248-43c3-458a-81ee-7ef7e2be6af3}</UniqueIdentifier>
    </Filter>
    <Filter Include="Source Files\Categorias">
      <UniqueIdentifier>{627c13bd-e127-43a7-8c08-ef6df93fed57}</UniqueIdentifier>
    </Filter>
  </ItemGroup>
  <ItemGroup>
    <ClCompile Include="gastanding.cpp">
      <Filter>Source Files</Filter>
    </ClCompile>
    <ClCompile Include="Movimiento.cpp">
      <Filter>Source Files\Movimientos</Filter>
    </ClCompile>
    <ClCompile Include="MovimientosHandler.cpp">
      <Filter>Source Files\Movimientos</Filter>
    </ClCompile>
    <ClCompile Include="MovimientosRepository.cpp">
      <Filter>Source Files\Movimientos</Filter>
    </ClCompile>
    <ClCompile Include="Fecha.cpp">
      <Filter>Source Files\Base</Filter>
    </ClCompile>
    <ClCompile Include="functions.cpp">
      <Filter>Source Files\Base</Filter>
    </ClCompile>
    <ClCompile Include="menues.cpp">
      <Filter>Source Files\Output</Filter>
    </ClCompile>
    <ClCompile Include="tables.cpp">
      <Filter>Source Files\Output</Filter>
    </ClCompile>
    <ClCompile Include="ingresoDatos.cpp">
      <Filter>Source Files\Output</Filter>
    </ClCompile>
    <ClCompile Include="Billetera.cpp">
      <Filter>Source Files\Billeteras</Filter>
    </ClCompile>
    <ClCompile Include="Categoria.cpp">
      <Filter>Source Files\Categorias</Filter>
    </ClCompile>
    <ClCompile Include="BilleterasHandler.cpp">
      <Filter>Source Files\Billeteras</Filter>
    </ClCompile>
    <ClCompile Include="BilleterasRepository.cpp">
      <Filter>Source Files\Billeteras</Filter>
    </ClCompile>
    <ClCompile Include="CategoriasRepository.cpp">
      <Filter>Source Files\Categorias</Filter>
    </ClCompile>
    <ClCompile Include="CategoriasHandler.cpp">
      <Filter>Source Files\Categorias</Filter>
    </ClCompile>
  </ItemGroup>
  <ItemGroup>
    <ClInclude Include="MovimientosHandler.h">
      <Filter>Header Files\Movimientos</Filter>
    </ClInclude>
    <ClInclude Include="MovimientosRepository.h">
      <Filter>Header Files\Movimientos</Filter>
    </ClInclude>
    <ClInclude Include="Movimiento.h">
      <Filter>Header Files\Movimientos</Filter>
    </ClInclude>
    <ClInclude Include="functions.h">
      <Filter>Header Files\Base</Filter>
    </ClInclude>
    <ClInclude Include="Fecha.h">
      <Filter>Header Files\Base</Filter>
    </ClInclude>
    <ClInclude Include="rlutil.h">
      <Filter>Header Files\Base</Filter>
    </ClInclude>
    <ClInclude Include="menues.h">
      <Filter>Header Files\Output</Filter>
    </ClInclude>
    <ClInclude Include="MenuNames.h">
      <Filter>Header Files\Output</Filter>
    </ClInclude>
    <ClInclude Include="tables.h">
      <Filter>Header Files\Output</Filter>
    </ClInclude>
    <ClInclude Include="ingresoDatos.h">
      <Filter>Header Files\Output</Filter>
    </ClInclude>
    <ClInclude Include="Billetera.h">
      <Filter>Header Files\Billeteras</Filter>
    </ClInclude>
    <ClInclude Include="Categoria.h">
      <Filter>Header Files\Categorias</Filter>
    </ClInclude>
    <ClInclude Include="BilleterasHandler.h">
      <Filter>Header Files\Billeteras</Filter>
    </ClInclude>
    <ClInclude Include="BilleterasRepository.h">
      <Filter>Header Files\Billeteras</Filter>
    </ClInclude>
    <ClInclude Include="CategoriasRepository.h">
      <Filter>Header Files\Categorias</Filter>
    </ClInclude>
    <ClInclude Include="CategoriasHandler.h">
      <Filter>Header Files\Categorias</Filter>
    </ClInclude>
  </ItemGroup>
</Project>