<?xml version="1.0" encoding="utf-8"?>
<Project ToolsVersion="4.0" xmlns="http://schemas.microsoft.com/developer/msbuild/2003">
  <ItemGroup>
    <Filter Include="Source Files">
      <UniqueIdentifier>{4FC737F1-C7A5-4376-A066-2A32D752A2FF}</UniqueIdentifier>
      <Extensions>cpp;c;cc;cxx;c++;cppm;ixx;def;odl;idl;hpj;bat;asm;asmx</Extensions>
    </Filter>
    <Filter Include="Header Files">
      <UniqueIdentifier>{93995380-89BD-4b04-88EB-625FBE52EBFB}</UniqueIdentifier>
      <Extensions>h;hh;hpp;hxx;h++;hm;inl;inc;ipp;xsd</Extensions>
    </Filter>
    <Filter Include="Resource Files">
      <UniqueIdentifier>{67DA6AB6-F800-4c08-8B7A-83BB121AAD01}</UniqueIdentifier>
      <Extensions>rc;ico;cur;bmp;dlg;rc2;rct;bin;rgs;gif;jpg;jpeg;jpe;resx;tiff;tif;png;wav;mfcribbon-ms</Extensions>
    </Filter>
    <Filter Include="Source Files\Ingresos">
      <UniqueIdentifier>{1aceccce-7a1d-4524-9ba1-55ab889eef97}</UniqueIdentifier>
    </Filter>
    <Filter Include="Header Files\Ingresos">
      <UniqueIdentifier>{6e160b06-7853-4553-9565-b3db10080683}</UniqueIdentifier>
    </Filter>
    <Filter Include="Header Files\Base">
      <UniqueIdentifier>{de2b5648-f19b-4fda-b647-5080de1e8e45}</UniqueIdentifier>
    </Filter>
    <Filter Include="Source Files\Base">
      <UniqueIdentifier>{e63a2b5f-863b-41db-bb6d-73f69b23d55b}</UniqueIdentifier>
    </Filter>
    <Filter Include="Header Files\Output">
      <UniqueIdentifier>{ed43c6bb-b0b8-463e-96fe-6d918ad3371a}</UniqueIdentifier>
    </Filter>
    <Filter Include="Source Files\Output">
      <UniqueIdentifier>{91c81377-bbbd-4065-909c-6567b164b0b4}</UniqueIdentifier>
    </Filter>
    <Filter Include="Source Files\Inversiones">
      <UniqueIdentifier>{cd13eed6-d339-452e-b99d-c9e7b7c18354}</UniqueIdentifier>
    </Filter>
    <Filter Include="Header Files\Inversiones">
      <UniqueIdentifier>{c8fe991b-f642-412d-8445-fb439ffe47f5}</UniqueIdentifier>
    </Filter>
  </ItemGroup>
  <ItemGroup>
    <ClCompile Include="gastanding.cpp">
      <Filter>Source Files</Filter>
    </ClCompile>
    <ClCompile Include="Ingreso.cpp">
      <Filter>Source Files\Ingresos</Filter>
    </ClCompile>
    <ClCompile Include="IngresosHandler.cpp">
      <Filter>Source Files\Ingresos</Filter>
    </ClCompile>
    <ClCompile Include="IngresosRepository.cpp">
      <Filter>Source Files\Ingresos</Filter>
    </ClCompile>
    <ClCompile Include="Fecha.cpp">
      <Filter>Source Files\Base</Filter>
    </ClCompile>
    <ClCompile Include="functions.cpp">
      <Filter>Source Files\Base</Filter>
    </ClCompile>
    <ClCompile Include="menues.cpp">
      <Filter>Source Files\Output</Filter>
    </ClCompile>
    <ClCompile Include="tables.cpp">
      <Filter>Source Files\Output</Filter>
    </ClCompile>
    <ClCompile Include="Inversion.cpp">
      <Filter>Source Files\Inversiones</Filter>
    </ClCompile>
    <ClCompile Include="InversionesRepository.cpp">
      <Filter>Source Files\Inversiones</Filter>
    </ClCompile>
    <ClCompile Include="InversionesHandler.cpp">
      <Filter>Source Files\Inversiones</Filter>
    </ClCompile>
  </ItemGroup>
  <ItemGroup>
    <ClInclude Include="IngresosHandler.h">
      <Filter>Header Files\Ingresos</Filter>
    </ClInclude>
    <ClInclude Include="IngresosRepository.h">
      <Filter>Header Files\Ingresos</Filter>
    </ClInclude>
    <ClInclude Include="Ingreso.h">
      <Filter>Header Files\Ingresos</Filter>
    </ClInclude>
    <ClInclude Include="functions.h">
      <Filter>Header Files\Base</Filter>
    </ClInclude>
    <ClInclude Include="Fecha.h">
      <Filter>Header Files\Base</Filter>
    </ClInclude>
    <ClInclude Include="rlutil.h">
      <Filter>Header Files\Base</Filter>
    </ClInclude>
    <ClInclude Include="menues.h">
      <Filter>Header Files\Output</Filter>
    </ClInclude>
    <ClInclude Include="MenuNames.h">
      <Filter>Header Files\Output</Filter>
    </ClInclude>
    <ClInclude Include="tables.h">
      <Filter>Header Files\Output</Filter>
    </ClInclude>
    <ClInclude Include="Inversion.h">
      <Filter>Header Files\Inversiones</Filter>
    </ClInclude>
    <ClInclude Include="InversionesRepository.h">
      <Filter>Header Files\Inversiones</Filter>
    </ClInclude>
    <ClInclude Include="InversionesHandler.h">
      <Filter>Header Files\Inversiones</Filter>
    </ClInclude>
  </ItemGroup>
</Project>